// !$*UTF8*$!
{
	archiveVersion = 1;
	classes = {
	};
	objectVersion = 55;
	objects = {

/* Begin PBXBuildFile section */
		B56BFB3A2808963C009022EC /* MenuBar.swift in Sources */ = {isa = PBXBuildFile; fileRef = B56BFB392808963C009022EC /* MenuBar.swift */; };
		B570590C2808049600F60129 /* Extensions.swift in Sources */ = {isa = PBXBuildFile; fileRef = B570590B2808049600F60129 /* Extensions.swift */; };
		B5C2B9D42805655A00141E85 /* AppDelegate.swift in Sources */ = {isa = PBXBuildFile; fileRef = B5C2B9D32805655A00141E85 /* AppDelegate.swift */; };
		B5C2B9D62805655A00141E85 /* SceneDelegate.swift in Sources */ = {isa = PBXBuildFile; fileRef = B5C2B9D52805655A00141E85 /* SceneDelegate.swift */; };
		B5C2B9D82805655A00141E85 /* HomeController.swift in Sources */ = {isa = PBXBuildFile; fileRef = B5C2B9D72805655A00141E85 /* HomeController.swift */; };
		B5C2B9DB2805655A00141E85 /* Main.storyboard in Resources */ = {isa = PBXBuildFile; fileRef = B5C2B9D92805655A00141E85 /* Main.storyboard */; };
		B5C2B9DD2805655D00141E85 /* Assets.xcassets in Resources */ = {isa = PBXBuildFile; fileRef = B5C2B9DC2805655D00141E85 /* Assets.xcassets */; };
		B5C2B9E02805655D00141E85 /* LaunchScreen.storyboard in Resources */ = {isa = PBXBuildFile; fileRef = B5C2B9DE2805655D00141E85 /* LaunchScreen.storyboard */; };
		B5D20DE828081BAD007EA85B /* VideoCell.swift in Sources */ = {isa = PBXBuildFile; fileRef = B5D20DE728081BAD007EA85B /* VideoCell.swift */; };
/* End PBXBuildFile section */

/* Begin PBXFileReference section */
		B56BFB392808963C009022EC /* MenuBar.swift */ = {isa = PBXFileReference; lastKnownFileType = sourcecode.swift; path = MenuBar.swift; sourceTree = "<group>"; };
		B570590B2808049600F60129 /* Extensions.swift */ = {isa = PBXFileReference; lastKnownFileType = sourcecode.swift; path = Extensions.swift; sourceTree = "<group>"; };
		B5C2B9D02805655A00141E85 /* YoutubeCopy.app */ = {isa = PBXFileReference; explicitFileType = wrapper.application; includeInIndex = 0; path = YoutubeCopy.app; sourceTree = BUILT_PRODUCTS_DIR; };
		B5C2B9D32805655A00141E85 /* AppDelegate.swift */ = {isa = PBXFileReference; lastKnownFileType = sourcecode.swift; path = AppDelegate.swift; sourceTree = "<group>"; };
		B5C2B9D52805655A00141E85 /* SceneDelegate.swift */ = {isa = PBXFileReference; lastKnownFileType = sourcecode.swift; path = SceneDelegate.swift; sourceTree = "<group>"; };
		B5C2B9D72805655A00141E85 /* HomeController.swift */ = {isa = PBXFileReference; lastKnownFileType = sourcecode.swift; path = HomeController.swift; sourceTree = "<group>"; };
		B5C2B9DA2805655A00141E85 /* Base */ = {isa = PBXFileReference; lastKnownFileType = file.storyboard; name = Base; path = Base.lproj/Main.storyboard; sourceTree = "<group>"; };
		B5C2B9DC2805655D00141E85 /* Assets.xcassets */ = {isa = PBXFileReference; lastKnownFileType = folder.assetcatalog; path = Assets.xcassets; sourceTree = "<group>"; };
		B5C2B9DF2805655D00141E85 /* Base */ = {isa = PBXFileReference; lastKnownFileType = file.storyboard; name = Base; path = Base.lproj/LaunchScreen.storyboard; sourceTree = "<group>"; };
		B5C2B9E12805655D00141E85 /* Info.plist */ = {isa = PBXFileReference; lastKnownFileType = text.plist.xml; path = Info.plist; sourceTree = "<group>"; };
		B5D20DE728081BAD007EA85B /* VideoCell.swift */ = {isa = PBXFileReference; lastKnownFileType = sourcecode.swift; path = VideoCell.swift; sourceTree = "<group>"; };
/* End PBXFileReference section */

/* Begin PBXFrameworksBuildPhase section */
		B5C2B9CD2805655A00141E85 /* Frameworks */ = {
			isa = PBXFrameworksBuildPhase;
			buildActionMask = 2147483647;
			files = (
			);
			runOnlyForDeploymentPostprocessing = 0;
		};
/* End PBXFrameworksBuildPhase section */

/* Begin PBXGroup section */
		B570590D280814C400F60129 /* Helpers */ = {
			isa = PBXGroup;
			children = (
				B570590B2808049600F60129 /* Extensions.swift */,
			);
			path = Helpers;
			sourceTree = "<group>";
		};
		B5C2B9C72805655A00141E85 = {
			isa = PBXGroup;
			children = (
				B5C2B9D22805655A00141E85 /* YoutubeCopy */,
				B5C2B9D12805655A00141E85 /* Products */,
			);
			sourceTree = "<group>";
		};
		B5C2B9D12805655A00141E85 /* Products */ = {
			isa = PBXGroup;
			children = (
				B5C2B9D02805655A00141E85 /* YoutubeCopy.app */,
			);
			name = Products;
			sourceTree = "<group>";
		};
		B5C2B9D22805655A00141E85 /* YoutubeCopy */ = {
			isa = PBXGroup;
			children = (
				B5D20DE928081BE6007EA85B /* Controller */,
				B5D20DE628081B7F007EA85B /* View */,
				B570590D280814C400F60129 /* Helpers */,
				B5C2B9D32805655A00141E85 /* AppDelegate.swift */,
				B5C2B9D52805655A00141E85 /* SceneDelegate.swift */,
				B5C2B9D92805655A00141E85 /* Main.storyboard */,
				B5C2B9DC2805655D00141E85 /* Assets.xcassets */,
				B5C2B9DE2805655D00141E85 /* LaunchScreen.storyboard */,
				B5C2B9E12805655D00141E85 /* Info.plist */,
			);
			path = YoutubeCopy;
			sourceTree = "<group>";
		};
		B5D20DE628081B7F007EA85B /* View */ = {
			isa = PBXGroup;
			children = (
				B5D20DE728081BAD007EA85B /* VideoCell.swift */,
				B56BFB392808963C009022EC /* MenuBar.swift */,
			);
			path = View;
			sourceTree = "<group>";
		};
		B5D20DE928081BE6007EA85B /* Controller */ = {
			isa = PBXGroup;
			children = (
				B5C2B9D72805655A00141E85 /* HomeController.swift */,
			);
			path = Controller;
			sourceTree = "<group>";
		};
/* End PBXGroup section */

/* Begin PBXNativeTarget section */
		B5C2B9CF2805655A00141E85 /* YoutubeCopy */ = {
			isa = PBXNativeTarget;
			buildConfigurationList = B5C2B9E42805655D00141E85 /* Build configuration list for PBXNativeTarget "YoutubeCopy" */;
			buildPhases = (
				B5C2B9CC2805655A00141E85 /* Sources */,
				B5C2B9CD2805655A00141E85 /* Frameworks */,
				B5C2B9CE2805655A00141E85 /* Resources */,
			);
			buildRules = (
			);
			dependencies = (
			);
			name = YoutubeCopy;
			productName = YoutubeCopy;
			productReference = B5C2B9D02805655A00141E85 /* YoutubeCopy.app */;
			productType = "com.apple.product-type.application";
		};
/* End PBXNativeTarget section */

/* Begin PBXProject section */
		B5C2B9C82805655A00141E85 /* Project object */ = {
			isa = PBXProject;
			attributes = {
				BuildIndependentTargetsInParallel = 1;
				LastSwiftUpdateCheck = 1330;
				LastUpgradeCheck = 1330;
				TargetAttributes = {
					B5C2B9CF2805655A00141E85 = {
						CreatedOnToolsVersion = 13.3;
					};
				};
			};
			buildConfigurationList = B5C2B9CB2805655A00141E85 /* Build configuration list for PBXProject "YoutubeCopy" */;
			compatibilityVersion = "Xcode 13.0";
			developmentRegion = en;
			hasScannedForEncodings = 0;
			knownRegions = (
				en,
				Base,
			);
			mainGroup = B5C2B9C72805655A00141E85;
			productRefGroup = B5C2B9D12805655A00141E85 /* Products */;
			projectDirPath = "";
			projectRoot = "";
			targets = (
				B5C2B9CF2805655A00141E85 /* YoutubeCopy */,
			);
		};
/* End PBXProject section */

/* Begin PBXResourcesBuildPhase section */
		B5C2B9CE2805655A00141E85 /* Resources */ = {
			isa = PBXResourcesBuildPhase;
			buildActionMask = 2147483647;
			files = (
				B5C2B9E02805655D00141E85 /* LaunchScreen.storyboard in Resources */,
				B5C2B9DD2805655D00141E85 /* Assets.xcassets in Resources */,
				B5C2B9DB2805655A00141E85 /* Main.storyboard in Resources */,
			);
			runOnlyForDeploymentPostprocessing = 0;
		};
/* End PBXResourcesBuildPhase section */

/* Begin PBXSourcesBuildPhase section */
		B5C2B9CC2805655A00141E85 /* Sources */ = {
			isa = PBXSourcesBuildPhase;
			buildActionMask = 2147483647;
			files = (
				B5D20DE828081BAD007EA85B /* VideoCell.swift in Sources */,
				B5C2B9D82805655A00141E85 /* HomeController.swift in Sources */,
				B56BFB3A2808963C009022EC /* MenuBar.swift in Sources */,
				B5C2B9D42805655A00141E85 /* AppDelegate.swift in Sources */,
				B5C2B9D62805655A00141E85 /* SceneDelegate.swift in Sources */,
				B570590C2808049600F60129 /* Extensions.swift in Sources */,
			);
			runOnlyForDeploymentPostprocessing = 0;
		};
/* End PBXSourcesBuildPhase section */

/* Begin PBXVariantGroup section */
		B5C2B9D92805655A00141E85 /* Main.storyboard */ = {
			isa = PBXVariantGroup;
			children = (
				B5C2B9DA2805655A00141E85 /* Base */,
			);
			name = Main.storyboard;
			sourceTree = "<group>";
		};
		B5C2B9DE2805655D00141E85 /* LaunchScreen.storyboard */ = {
			isa = PBXVariantGroup;
			children = (
				B5C2B9DF2805655D00141E85 /* Base */,
			);
			name = LaunchScreen.storyboard;
			sourceTree = "<group>";
		};
/* End PBXVariantGroup section */

/* Begin XCBuildConfiguration section */
		B5C2B9E22805655D00141E85 /* Debug */ = {
			isa = XCBuildConfiguration;
			buildSettings = {
				ALWAYS_SEARCH_USER_PATHS = NO;
				CLANG_ANALYZER_NONNULL = YES;
				CLANG_ANALYZER_NUMBER_OBJECT_CONVERSION = YES_AGGRESSIVE;
				CLANG_CXX_LANGUAGE_STANDARD = "gnu++17";
				CLANG_ENABLE_MODULES = YES;
				CLANG_ENABLE_OBJC_ARC = YES;
				CLANG_ENABLE_OBJC_WEAK = YES;
				CLANG_WARN_BLOCK_CAPTURE_AUTORELEASING = YES;
				CLANG_WARN_BOOL_CONVERSION = YES;
				CLANG_WARN_COMMA = YES;
				CLANG_WARN_CONSTANT_CONVERSION = YES;
				CLANG_WARN_DEPRECATED_OBJC_IMPLEMENTATIONS = YES;
				CLANG_WARN_DIRECT_OBJC_ISA_USAGE = YES_ERROR;
				CLANG_WARN_DOCUMENTATION_COMMENTS = YES;
				CLANG_WARN_EMPTY_BODY = YES;
				CLANG_WARN_ENUM_CONVERSION = YES;
				CLANG_WARN_INFINITE_RECURSION = YES;
				CLANG_WARN_INT_CONVERSION = YES;
				CLANG_WARN_NON_LITERAL_NULL_CONVERSION = YES;
				CLANG_WARN_OBJC_IMPLICIT_RETAIN_SELF = YES;
				CLANG_WARN_OBJC_LITERAL_CONVERSION = YES;
				CLANG_WARN_OBJC_ROOT_CLASS = YES_ERROR;
				CLANG_WARN_QUOTED_INCLUDE_IN_FRAMEWORK_HEADER = YES;
				CLANG_WARN_RANGE_LOOP_ANALYSIS = YES;
				CLANG_WARN_STRICT_PROTOTYPES = YES;
				CLANG_WARN_SUSPICIOUS_MOVE = YES;
				CLANG_WARN_UNGUARDED_AVAILABILITY = YES_AGGRESSIVE;
				CLANG_WARN_UNREACHABLE_CODE = YES;
				CLANG_WARN__DUPLICATE_METHOD_MATCH = YES;
				COPY_PHASE_STRIP = NO;
				DEBUG_INFORMATION_FORMAT = dwarf;
				ENABLE_STRICT_OBJC_MSGSEND = YES;
				ENABLE_TESTABILITY = YES;
				GCC_C_LANGUAGE_STANDARD = gnu11;
				GCC_DYNAMIC_NO_PIC = NO;
				GCC_NO_COMMON_BLOCKS = YES;
				GCC_OPTIMIZATION_LEVEL = 0;
				GCC_PREPROCESSOR_DEFINITIONS = (
					"DEBUG=1",
					"$(inherited)",
				);
				GCC_WARN_64_TO_32_BIT_CONVERSION = YES;
				GCC_WARN_ABOUT_RETURN_TYPE = YES_ERROR;
				GCC_WARN_UNDECLARED_SELECTOR = YES;
				GCC_WARN_UNINITIALIZED_AUTOS = YES_AGGRESSIVE;
				GCC_WARN_UNUSED_FUNCTION = YES;
				GCC_WARN_UNUSED_VARIABLE = YES;
				IPHONEOS_DEPLOYMENT_TARGET = 15.4;
				MTL_ENABLE_DEBUG_INFO = INCLUDE_SOURCE;
				MTL_FAST_MATH = YES;
				ONLY_ACTIVE_ARCH = YES;
				SDKROOT = iphoneos;
				SWIFT_ACTIVE_COMPILATION_CONDITIONS = DEBUG;
				SWIFT_OPTIMIZATION_LEVEL = "-Onone";
			};
			name = Debug;
		};
		B5C2B9E32805655D00141E85 /* Release */ = {
			isa = XCBuildConfiguration;
			buildSettings = {
				ALWAYS_SEARCH_USER_PATHS = NO;
				CLANG_ANALYZER_NONNULL = YES;
				CLANG_ANALYZER_NUMBER_OBJECT_CONVERSION = YES_AGGRESSIVE;
				CLANG_CXX_LANGUAGE_STANDARD = "gnu++17";
				CLANG_ENABLE_MODULES = YES;
				CLANG_ENABLE_OBJC_ARC = YES;
				CLANG_ENABLE_OBJC_WEAK = YES;
				CLANG_WARN_BLOCK_CAPTURE_AUTORELEASING = YES;
				CLANG_WARN_BOOL_CONVERSION = YES;
				CLANG_WARN_COMMA = YES;
				CLANG_WARN_CONSTANT_CONVERSION = YES;
				CLANG_WARN_DEPRECATED_OBJC_IMPLEMENTATIONS = YES;
				CLANG_WARN_DIRECT_OBJC_ISA_USAGE = YES_ERROR;
				CLANG_WARN_DOCUMENTATION_COMMENTS = YES;
				CLANG_WARN_EMPTY_BODY = YES;
				CLANG_WARN_ENUM_CONVERSION = YES;
				CLANG_WARN_INFINITE_RECURSION = YES;
				CLANG_WARN_INT_CONVERSION = YES;
				CLANG_WARN_NON_LITERAL_NULL_CONVERSION = YES;
				CLANG_WARN_OBJC_IMPLICIT_RETAIN_SELF = YES;
				CLANG_WARN_OBJC_LITERAL_CONVERSION = YES;
				CLANG_WARN_OBJC_ROOT_CLASS = YES_ERROR;
				CLANG_WARN_QUOTED_INCLUDE_IN_FRAMEWORK_HEADER = YES;
				CLANG_WARN_RANGE_LOOP_ANALYSIS = YES;
				CLANG_WARN_STRICT_PROTOTYPES = YES;
				CLANG_WARN_SUSPICIOUS_MOVE = YES;
				CLANG_WARN_UNGUARDED_AVAILABILITY = YES_AGGRESSIVE;
				CLANG_WARN_UNREACHABLE_CODE = YES;
				CLANG_WARN__DUPLICATE_METHOD_MATCH = YES;
				COPY_PHASE_STRIP = NO;
				DEBUG_INFORMATION_FORMAT = "dwarf-with-dsym";
				ENABLE_NS_ASSERTIONS = NO;
				ENABLE_STRICT_OBJC_MSGSEND = YES;
				GCC_C_LANGUAGE_STANDARD = gnu11;
				GCC_NO_COMMON_BLOCKS = YES;
				GCC_WARN_64_TO_32_BIT_CONVERSION = YES;
				GCC_WARN_ABOUT_RETURN_TYPE = YES_ERROR;
				GCC_WARN_UNDECLARED_SELECTOR = YES;
				GCC_WARN_UNINITIALIZED_AUTOS = YES_AGGRESSIVE;
				GCC_WARN_UNUSED_FUNCTION = YES;
				GCC_WARN_UNUSED_VARIABLE = YES;
				IPHONEOS_DEPLOYMENT_TARGET = 15.4;
				MTL_ENABLE_DEBUG_INFO = NO;
				MTL_FAST_MATH = YES;
				SDKROOT = iphoneos;
				SWIFT_COMPILATION_MODE = wholemodule;
				SWIFT_OPTIMIZATION_LEVEL = "-O";
				VALIDATE_PRODUCT = YES;
			};
			name = Release;
		};
		B5C2B9E52805655D00141E85 /* Debug */ = {
			isa = XCBuildConfiguration;
			buildSettings = {
				ASSETCATALOG_COMPILER_APPICON_NAME = AppIcon;
				ASSETCATALOG_COMPILER_GLOBAL_ACCENT_COLOR_NAME = AccentColor;
				CODE_SIGN_STYLE = Automatic;
				CURRENT_PROJECT_VERSION = 1;
				DEVELOPMENT_TEAM = U6Q9G3RA4Y;
				GENERATE_INFOPLIST_FILE = YES;
				INFOPLIST_FILE = YoutubeCopy/Info.plist;
				INFOPLIST_KEY_UIApplicationSupportsIndirectInputEvents = YES;
				INFOPLIST_KEY_UILaunchStoryboardName = LaunchScreen;
				INFOPLIST_KEY_UISupportedInterfaceOrientations_iPad = "UIInterfaceOrientationPortrait UIInterfaceOrientationPortraitUpsideDown UIInterfaceOrientationLandscapeLeft UIInterfaceOrientationLandscapeRight";
				INFOPLIST_KEY_UISupportedInterfaceOrientations_iPhone = "UIInterfaceOrientationPortrait UIInterfaceOrientationLandscapeLeft UIInterfaceOrientationLandscapeRight";
				LD_RUNPATH_SEARCH_PATHS = (
					"$(inherited)",
					"@executable_path/Frameworks",
				);
				MARKETING_VERSION = 1.0;
				PRODUCT_BUNDLE_IDENTIFIER = com.wickedrun.YoutubeCopy;
				PRODUCT_NAME = "$(TARGET_NAME)";
				SWIFT_EMIT_LOC_STRINGS = YES;
				SWIFT_VERSION = 5.0;
				TARGETED_DEVICE_FAMILY = "1,2";
			};
			name = Debug;
		};
		B5C2B9E62805655D00141E85 /* Release */ = {
			isa = XCBuildConfiguration;
			buildSettings = {
				ASSETCATALOG_COMPILER_APPICON_NAME = AppIcon;
				ASSETCATALOG_COMPILER_GLOBAL_ACCENT_COLOR_NAME = AccentColor;
				CODE_SIGN_STYLE = Automatic;
				CURRENT_PROJECT_VERSION = 1;
				DEVELOPMENT_TEAM = U6Q9G3RA4Y;
				GENERATE_INFOPLIST_FILE = YES;
				INFOPLIST_FILE = YoutubeCopy/Info.plist;
				INFOPLIST_KEY_UIApplicationSupportsIndirectInputEvents = YES;
				INFOPLIST_KEY_UILaunchStoryboardName = LaunchScreen;
				INFOPLIST_KEY_UISupportedInterfaceOrientations_iPad = "UIInterfaceOrientationPortrait UIInterfaceOrientationPortraitUpsideDown UIInterfaceOrientationLandscapeLeft UIInterfaceOrientationLandscapeRight";
				INFOPLIST_KEY_UISupportedInterfaceOrientations_iPhone = "UIInterfaceOrientationPortrait UIInterfaceOrientationLandscapeLeft UIInterfaceOrientationLandscapeRight";
				LD_RUNPATH_SEARCH_PATHS = (
					"$(inherited)",
					"@executable_path/Frameworks",
				);
				MARKETING_VERSION = 1.0;
				PRODUCT_BUNDLE_IDENTIFIER = com.wickedrun.YoutubeCopy;
				PRODUCT_NAME = "$(TARGET_NAME)";
				SWIFT_EMIT_LOC_STRINGS = YES;
				SWIFT_VERSION = 5.0;
				TARGETED_DEVICE_FAMILY = "1,2";
			};
			name = Release;
		};
/* End XCBuildConfiguration section */

/* Begin XCConfigurationList section */
		B5C2B9CB2805655A00141E85 /* Build configuration list for PBXProject "YoutubeCopy" */ = {
			isa = XCConfigurationList;
			buildConfigurations = (
				B5C2B9E22805655D00141E85 /* Debug */,
				B5C2B9E32805655D00141E85 /* Release */,
			);
			defaultConfigurationIsVisible = 0;
			defaultConfigurationName = Release;
		};
		B5C2B9E42805655D00141E85 /* Build configuration list for PBXNativeTarget "YoutubeCopy" */ = {
			isa = XCConfigurationList;
			buildConfigurations = (
				B5C2B9E52805655D00141E85 /* Debug */,
				B5C2B9E62805655D00141E85 /* Release */,
			);
			defaultConfigurationIsVisible = 0;
			defaultConfigurationName = Release;
		};
/* End XCConfigurationList section */
	};
	rootObject = B5C2B9C82805655A00141E85 /* Project object */;
}
